{
  "name": "maintheme",
  "version": "1.0.1",
  "lockfileVersion": 1,
  "requires": true,
  "dependencies": {
    "glightbox": {
      "version": "2.0.5",
      "resolved": "https://registry.npmjs.org/glightbox/-/glightbox-2.0.5.tgz",
      "integrity": "sha512-kKyq86yXXhs2YuVqavfqa+jt228D3iHbykaA5/H20KIifDIYVSGMt/k6Knuiw6JWNlAXCqJCqQi6sqmXj2KjJQ=="
    },
    "normalize.css": {
      "version": "8.0.1",
      "resolved": "https://registry.npmjs.org/normalize.css/-/normalize.css-8.0.1.tgz",
      "integrity": "sha512-qizSNPO93t1YUuUhP22btGOo3chcvDFqFaj2TRybP0DMxkHOCTYwp3n34fel4a31ORXy4m1Xq0Gyqpb5m33qIg=="
    }
  }
}
